{
  "name": "laputa-sns",
  "lockfileVersion": 2,
  "requires": true,
  "packages": {
    "": {
      "dependencies": {
        "clamp-js": "^0.7.0",
        "element-resize-detector": "^1.2.1",
        "vant": "^3.0.6",
        "vue": "^2.6.12"
      }
    },
    "node_modules/@babel/runtime": {
      "version": "7.12.13",
      "resolved": "https://registry.npm.taobao.org/@babel/runtime/download/@babel/runtime-7.12.13.tgz",
      "integrity": "sha1-CiFFI1KwJULbD/uSisLTyny21m0=",
      "dependencies": {
        "regenerator-runtime": "^0.13.4"
      }
    },
    "node_modules/@popperjs/core": {
      "version": "2.6.0",
      "resolved": "https://registry.npm.taobao.org/@popperjs/core/download/@popperjs/core-2.6.0.tgz?cache=0&sync_timestamp=1607988479045&other_urls=https%3A%2F%2Fregistry.npm.taobao.org%2F%40popperjs%2Fcore%2Fdownload%2F%40popperjs%2Fcore-2.6.0.tgz",
      "integrity": "sha1-8CIZWv38lC4IjuIQEoWh0xx9cn8="
    },
    "node_modules/@vant/icons": {
      "version": "1.5.2",
      "resolved": "https://registry.npm.taobao.org/@vant/icons/download/@vant/icons-1.5.2.tgz",
      "integrity": "sha1-Pz6jU6DqzTjBE3V70xg2SJ+ssQs="
    },
    "node_modules/@vant/lazyload": {
      "version": "1.0.2",
      "resolved": "https://registry.npm.taobao.org/@vant/lazyload/download/@vant/lazyload-1.0.2.tgz",
      "integrity": "sha1-HKSGvuK5RlrgBaiAFL7oc6ZH92M="
    },
    "node_modules/@vant/popperjs": {
      "version": "1.0.2",
      "resolved": "https://registry.npm.taobao.org/@vant/popperjs/download/@vant/popperjs-1.0.2.tgz",
      "integrity": "sha1-Ui1xZWI1Elo64I6ccBo7rm/YjXs=",
      "dependencies": {
        "@popperjs/core": "^2.5.4"
      }
    },
    "node_modules/@vant/use": {
      "version": "1.0.2",
      "resolved": "https://registry.npm.taobao.org/@vant/use/download/@vant/use-1.0.2.tgz",
      "integrity": "sha1-dUhq7fNTk4K6qSLHfuuKLiOUqUg=",
      "dependencies": {
        "@babel/runtime": "7.x"
      }
    },
    "node_modules/batch-processor": {
      "version": "1.0.0",
      "resolved": "https://registry.npm.taobao.org/batch-processor/download/batch-processor-1.0.0.tgz",
      "integrity": "sha1-dclcMrdI4IUNEMKxaPa9vpiRrOg="
    },
    "node_modules/clamp-js": {
      "version": "0.7.0",
      "resolved": "https://registry.npm.taobao.org/clamp-js/download/clamp-js-0.7.0.tgz",
      "integrity": "sha1-lcSeDigyPI7qyMYyAd3fMNvXj84="
    },
    "node_modules/element-resize-detector": {
      "version": "1.2.1",
      "resolved": "https://registry.npm.taobao.org/element-resize-detector/download/element-resize-detector-1.2.1.tgz",
      "integrity": "sha1-sDBRlER6SGMVXljxMyOgrvMIUdE=",
      "dependencies": {
        "batch-processor": "1.0.0"
      }
    },
    "node_modules/regenerator-runtime": {
      "version": "0.13.7",
      "resolved": "https://registry.npm.taobao.org/regenerator-runtime/download/regenerator-runtime-0.13.7.tgz?cache=0&sync_timestamp=1595456117883&other_urls=https%3A%2F%2Fregistry.npm.taobao.org%2Fregenerator-runtime%2Fdownload%2Fregenerator-runtime-0.13.7.tgz",
      "integrity": "sha1-ysLazIoepnX+qrrriugziYrkb1U="
    },
    "node_modules/vant": {
      "version": "3.0.6",
      "resolved": "https://registry.npm.taobao.org/vant/download/vant-3.0.6.tgz",
      "integrity": "sha1-zm9b58FZPqmMeIZQVoIPhYmauO0=",
      "dependencies": {
        "@babel/runtime": "7.x",
        "@vant/icons": "^1.5.2",
        "@vant/lazyload": "^1.0.2",
        "@vant/popperjs": "^1.0.2",
        "@vant/use": "^1.0.2"
      }
    },
    "node_modules/vue": {
      "version": "2.6.12",
      "resolved": "https://registry.npm.taobao.org/vue/download/vue-2.6.12.tgz?cache=0&sync_timestamp=1609359858533&other_urls=https%3A%2F%2Fregistry.npm.taobao.org%2Fvue%2Fdownload%2Fvue-2.6.12.tgz",
      "integrity": "sha1-9evU+mvShpQD4pqJau1JBEVskSM="
    }
  },
  "dependencies": {
    "@babel/runtime": {
      "version": "7.12.13",
      "resolved": "https://registry.npm.taobao.org/@babel/runtime/download/@babel/runtime-7.12.13.tgz",
      "integrity": "sha1-CiFFI1KwJULbD/uSisLTyny21m0=",
      "requires": {
        "regenerator-runtime": "^0.13.4"
      }
    },
    "@popperjs/core": {
      "version": "2.6.0",
      "resolved": "https://registry.npm.taobao.org/@popperjs/core/download/@popperjs/core-2.6.0.tgz?cache=0&sync_timestamp=1607988479045&other_urls=https%3A%2F%2Fregistry.npm.taobao.org%2F%40popperjs%2Fcore%2Fdownload%2F%40popperjs%2Fcore-2.6.0.tgz",
      "integrity": "sha1-8CIZWv38lC4IjuIQEoWh0xx9cn8="
    },
    "@vant/icons": {
      "version": "1.5.2",
      "resolved": "https://registry.npm.taobao.org/@vant/icons/download/@vant/icons-1.5.2.tgz",
      "integrity": "sha1-Pz6jU6DqzTjBE3V70xg2SJ+ssQs="
    },
    "@vant/lazyload": {
      "version": "1.0.2",
      "resolved": "https://registry.npm.taobao.org/@vant/lazyload/download/@vant/lazyload-1.0.2.tgz",
      "integrity": "sha1-HKSGvuK5RlrgBaiAFL7oc6ZH92M="
    },
    "@vant/popperjs": {
      "version": "1.0.2",
      "resolved": "https://registry.npm.taobao.org/@vant/popperjs/download/@vant/popperjs-1.0.2.tgz",
      "integrity": "sha1-Ui1xZWI1Elo64I6ccBo7rm/YjXs=",
      "requires": {
        "@popperjs/core": "^2.5.4"
      }
    },
    "@vant/use": {
      "version": "1.0.2",
      "resolved": "https://registry.npm.taobao.org/@vant/use/download/@vant/use-1.0.2.tgz",
      "integrity": "sha1-dUhq7fNTk4K6qSLHfuuKLiOUqUg=",
      "requires": {
        "@babel/runtime": "7.x"
      }
    },
    "batch-processor": {
      "version": "1.0.0",
      "resolved": "https://registry.npm.taobao.org/batch-processor/download/batch-processor-1.0.0.tgz",
      "integrity": "sha1-dclcMrdI4IUNEMKxaPa9vpiRrOg="
    },
    "clamp-js": {
      "version": "0.7.0",
      "resolved": "https://registry.npm.taobao.org/clamp-js/download/clamp-js-0.7.0.tgz",
      "integrity": "sha1-lcSeDigyPI7qyMYyAd3fMNvXj84="
    },
    "element-resize-detector": {
      "version": "1.2.1",
      "resolved": "https://registry.npm.taobao.org/element-resize-detector/download/element-resize-detector-1.2.1.tgz",
      "integrity": "sha1-sDBRlER6SGMVXljxMyOgrvMIUdE=",
      "requires": {
        "batch-processor": "1.0.0"
      }
    },
    "regenerator-runtime": {
      "version": "0.13.7",
      "resolved": "https://registry.npm.taobao.org/regenerator-runtime/download/regenerator-runtime-0.13.7.tgz?cache=0&sync_timestamp=1595456117883&other_urls=https%3A%2F%2Fregistry.npm.taobao.org%2Fregenerator-runtime%2Fdownload%2Fregenerator-runtime-0.13.7.tgz",
      "integrity": "sha1-ysLazIoepnX+qrrriugziYrkb1U="
    },
    "vant": {
      "version": "3.0.6",
      "resolved": "https://registry.npm.taobao.org/vant/download/vant-3.0.6.tgz",
      "integrity": "sha1-zm9b58FZPqmMeIZQVoIPhYmauO0=",
      "requires": {
        "@babel/runtime": "7.x",
        "@vant/icons": "^1.5.2",
        "@vant/lazyload": "^1.0.2",
        "@vant/popperjs": "^1.0.2",
        "@vant/use": "^1.0.2"
      }
    },
    "vue": {
      "version": "2.6.12",
      "resolved": "https://registry.npm.taobao.org/vue/download/vue-2.6.12.tgz?cache=0&sync_timestamp=1609359858533&other_urls=https%3A%2F%2Fregistry.npm.taobao.org%2Fvue%2Fdownload%2Fvue-2.6.12.tgz",
      "integrity": "sha1-9evU+mvShpQD4pqJau1JBEVskSM="
    }
  }
}
